// !$*UTF8*$!
{
	archiveVersion = 1;
	classes = {
	};
	objectVersion = 50;
	objects = {

/* Begin PBXBuildFile section */
		7B9CE5E8248C028300769897 /* AppDelegate.swift in Sources */ = {isa = PBXBuildFile; fileRef = 7B9CE5E7248C028300769897 /* AppDelegate.swift */; };
		7B9CE5EA248C028300769897 /* ViewController.swift in Sources */ = {isa = PBXBuildFile; fileRef = 7B9CE5E9248C028300769897 /* ViewController.swift */; };
		7B9CE5EC248C028400769897 /* Assets.xcassets in Resources */ = {isa = PBXBuildFile; fileRef = 7B9CE5EB248C028400769897 /* Assets.xcassets */; };
		7B9CE5EF248C028400769897 /* Main.storyboard in Resources */ = {isa = PBXBuildFile; fileRef = 7B9CE5ED248C028400769897 /* Main.storyboard */; };
		7B9CE5FB248C028400769897 /* MacOSApplicationTests.swift in Sources */ = {isa = PBXBuildFile; fileRef = 7B9CE5FA248C028400769897 /* MacOSApplicationTests.swift */; };
		7B9CE606248C028400769897 /* MacOSApplicationUITests.swift in Sources */ = {isa = PBXBuildFile; fileRef = 7B9CE605248C028400769897 /* MacOSApplicationUITests.swift */; };
/* End PBXBuildFile section */

/* Begin PBXContainerItemProxy section */
		7B9CE5F7248C028400769897 /* PBXContainerItemProxy */ = {
			isa = PBXContainerItemProxy;
			containerPortal = 7B9CE5DC248C028300769897 /* Project object */;
			proxyType = 1;
			remoteGlobalIDString = 7B9CE5E3248C028300769897;
			remoteInfo = MacOSApplication;
		};
		7B9CE602248C028400769897 /* PBXContainerItemProxy */ = {
			isa = PBXContainerItemProxy;
			containerPortal = 7B9CE5DC248C028300769897 /* Project object */;
			proxyType = 1;
			remoteGlobalIDString = 7B9CE5E3248C028300769897;
			remoteInfo = MacOSApplication;
		};
/* End PBXContainerItemProxy section */

/* Begin PBXFileReference section */
		7B9CE5E4248C028300769897 /* MacOSApplication.app */ = {isa = PBXFileReference; explicitFileType = wrapper.application; includeInIndex = 0; path = MacOSApplication.app; sourceTree = BUILT_PRODUCTS_DIR; };
		7B9CE5E7248C028300769897 /* AppDelegate.swift */ = {isa = PBXFileReference; lastKnownFileType = sourcecode.swift; path = AppDelegate.swift; sourceTree = "<group>"; };
		7B9CE5E9248C028300769897 /* ViewController.swift */ = {isa = PBXFileReference; lastKnownFileType = sourcecode.swift; path = ViewController.swift; sourceTree = "<group>"; };
		7B9CE5EB248C028400769897 /* Assets.xcassets */ = {isa = PBXFileReference; lastKnownFileType = folder.assetcatalog; path = Assets.xcassets; sourceTree = "<group>"; };
		7B9CE5EE248C028400769897 /* Base */ = {isa = PBXFileReference; lastKnownFileType = file.storyboard; name = Base; path = Base.lproj/Main.storyboard; sourceTree = "<group>"; };
		7B9CE5F0248C028400769897 /* Info.plist */ = {isa = PBXFileReference; lastKnownFileType = text.plist.xml; path = Info.plist; sourceTree = "<group>"; };
		7B9CE5F1248C028400769897 /* MacOSApplication.entitlements */ = {isa = PBXFileReference; lastKnownFileType = text.plist.entitlements; path = MacOSApplication.entitlements; sourceTree = "<group>"; };
		7B9CE5F6248C028400769897 /* MacOSApplicationTests.xctest */ = {isa = PBXFileReference; explicitFileType = wrapper.cfbundle; includeInIndex = 0; path = MacOSApplicationTests.xctest; sourceTree = BUILT_PRODUCTS_DIR; };
		7B9CE5FA248C028400769897 /* MacOSApplicationTests.swift */ = {isa = PBXFileReference; lastKnownFileType = sourcecode.swift; path = MacOSApplicationTests.swift; sourceTree = "<group>"; };
		7B9CE5FC248C028400769897 /* Info.plist */ = {isa = PBXFileReference; lastKnownFileType = text.plist.xml; path = Info.plist; sourceTree = "<group>"; };
		7B9CE601248C028400769897 /* MacOSApplicationUITests.xctest */ = {isa = PBXFileReference; explicitFileType = wrapper.cfbundle; includeInIndex = 0; path = MacOSApplicationUITests.xctest; sourceTree = BUILT_PRODUCTS_DIR; };
		7B9CE605248C028400769897 /* MacOSApplicationUITests.swift */ = {isa = PBXFileReference; lastKnownFileType = sourcecode.swift; path = MacOSApplicationUITests.swift; sourceTree = "<group>"; };
		7B9CE607248C028400769897 /* Info.plist */ = {isa = PBXFileReference; lastKnownFileType = text.plist.xml; path = Info.plist; sourceTree = "<group>"; };
/* End PBXFileReference section */

/* Begin PBXFrameworksBuildPhase section */
		7B9CE5E1248C028300769897 /* Frameworks */ = {
			isa = PBXFrameworksBuildPhase;
			buildActionMask = 2147483647;
			files = (
			);
			runOnlyForDeploymentPostprocessing = 0;
		};
		7B9CE5F3248C028400769897 /* Frameworks */ = {
			isa = PBXFrameworksBuildPhase;
			buildActionMask = 2147483647;
			files = (
			);
			runOnlyForDeploymentPostprocessing = 0;
		};
		7B9CE5FE248C028400769897 /* Frameworks */ = {
			isa = PBXFrameworksBuildPhase;
			buildActionMask = 2147483647;
			files = (
			);
			runOnlyForDeploymentPostprocessing = 0;
		};
/* End PBXFrameworksBuildPhase section */

/* Begin PBXGroup section */
		7B9CE5DB248C028300769897 = {
			isa = PBXGroup;
			children = (
				7B9CE5E6248C028300769897 /* MacOSApplication */,
				7B9CE5F9248C028400769897 /* MacOSApplicationTests */,
				7B9CE604248C028400769897 /* MacOSApplicationUITests */,
				7B9CE5E5248C028300769897 /* Products */,
			);
			sourceTree = "<group>";
		};
		7B9CE5E5248C028300769897 /* Products */ = {
			isa = PBXGroup;
			children = (
				7B9CE5E4248C028300769897 /* MacOSApplication.app */,
				7B9CE5F6248C028400769897 /* MacOSApplicationTests.xctest */,
				7B9CE601248C028400769897 /* MacOSApplicationUITests.xctest */,
			);
			name = Products;
			sourceTree = "<group>";
		};
		7B9CE5E6248C028300769897 /* MacOSApplication */ = {
			isa = PBXGroup;
			children = (
				7B9CE5E7248C028300769897 /* AppDelegate.swift */,
				7B9CE5E9248C028300769897 /* ViewController.swift */,
				7B9CE5EB248C028400769897 /* Assets.xcassets */,
				7B9CE5ED248C028400769897 /* Main.storyboard */,
				7B9CE5F0248C028400769897 /* Info.plist */,
				7B9CE5F1248C028400769897 /* MacOSApplication.entitlements */,
			);
			path = MacOSApplication;
			sourceTree = "<group>";
		};
		7B9CE5F9248C028400769897 /* MacOSApplicationTests */ = {
			isa = PBXGroup;
			children = (
				7B9CE5FA248C028400769897 /* MacOSApplicationTests.swift */,
				7B9CE5FC248C028400769897 /* Info.plist */,
			);
			path = MacOSApplicationTests;
			sourceTree = "<group>";
		};
		7B9CE604248C028400769897 /* MacOSApplicationUITests */ = {
			isa = PBXGroup;
			children = (
				7B9CE605248C028400769897 /* MacOSApplicationUITests.swift */,
				7B9CE607248C028400769897 /* Info.plist */,
			);
			path = MacOSApplicationUITests;
			sourceTree = "<group>";
		};
/* End PBXGroup section */

/* Begin PBXNativeTarget section */
		7B9CE5E3248C028300769897 /* MacOSApplication */ = {
			isa = PBXNativeTarget;
			buildConfigurationList = 7B9CE60A248C028400769897 /* Build configuration list for PBXNativeTarget "MacOSApplication" */;
			buildPhases = (
				7B9CE5E0248C028300769897 /* Sources */,
				7B9CE5E1248C028300769897 /* Frameworks */,
				7B9CE5E2248C028300769897 /* Resources */,
			);
			buildRules = (
			);
			dependencies = (
			);
			name = MacOSApplication;
			productName = MacOSApplication;
			productReference = 7B9CE5E4248C028300769897 /* MacOSApplication.app */;
			productType = "com.apple.product-type.application";
		};
		7B9CE5F5248C028400769897 /* MacOSApplicationTests */ = {
			isa = PBXNativeTarget;
			buildConfigurationList = 7B9CE60D248C028400769897 /* Build configuration list for PBXNativeTarget "MacOSApplicationTests" */;
			buildPhases = (
				7B9CE5F2248C028400769897 /* Sources */,
				7B9CE5F3248C028400769897 /* Frameworks */,
				7B9CE5F4248C028400769897 /* Resources */,
			);
			buildRules = (
			);
			dependencies = (
				7B9CE5F8248C028400769897 /* PBXTargetDependency */,
			);
			name = MacOSApplicationTests;
			productName = MacOSApplicationTests;
			productReference = 7B9CE5F6248C028400769897 /* MacOSApplicationTests.xctest */;
			productType = "com.apple.product-type.bundle.unit-test";
		};
		7B9CE600248C028400769897 /* MacOSApplicationUITests */ = {
			isa = PBXNativeTarget;
			buildConfigurationList = 7B9CE610248C028400769897 /* Build configuration list for PBXNativeTarget "MacOSApplicationUITests" */;
			buildPhases = (
				7B9CE5FD248C028400769897 /* Sources */,
				7B9CE5FE248C028400769897 /* Frameworks */,
				7B9CE5FF248C028400769897 /* Resources */,
			);
			buildRules = (
			);
			dependencies = (
				7B9CE603248C028400769897 /* PBXTargetDependency */,
			);
			name = MacOSApplicationUITests;
			productName = MacOSApplicationUITests;
			productReference = 7B9CE601248C028400769897 /* MacOSApplicationUITests.xctest */;
			productType = "com.apple.product-type.bundle.ui-testing";
		};
/* End PBXNativeTarget section */

/* Begin PBXProject section */
		7B9CE5DC248C028300769897 /* Project object */ = {
			isa = PBXProject;
			attributes = {
				LastSwiftUpdateCheck = 1130;
				LastUpgradeCheck = 1130;
				ORGANIZATIONNAME = "Ratnadeep Govande";
				TargetAttributes = {
					7B9CE5E3248C028300769897 = {
						CreatedOnToolsVersion = 11.3.1;
					};
					7B9CE5F5248C028400769897 = {
						CreatedOnToolsVersion = 11.3.1;
						TestTargetID = 7B9CE5E3248C028300769897;
					};
					7B9CE600248C028400769897 = {
						CreatedOnToolsVersion = 11.3.1;
						TestTargetID = 7B9CE5E3248C028300769897;
					};
				};
			};
			buildConfigurationList = 7B9CE5DF248C028300769897 /* Build configuration list for PBXProject "MacOSApplication" */;
			compatibilityVersion = "Xcode 9.3";
			developmentRegion = en;
			hasScannedForEncodings = 0;
			knownRegions = (
				en,
				Base,
			);
			mainGroup = 7B9CE5DB248C028300769897;
			productRefGroup = 7B9CE5E5248C028300769897 /* Products */;
			projectDirPath = "";
			projectRoot = "";
			targets = (
				7B9CE5E3248C028300769897 /* MacOSApplication */,
				7B9CE5F5248C028400769897 /* MacOSApplicationTests */,
				7B9CE600248C028400769897 /* MacOSApplicationUITests */,
			);
		};
/* End PBXProject section */

/* Begin PBXResourcesBuildPhase section */
		7B9CE5E2248C028300769897 /* Resources */ = {
			isa = PBXResourcesBuildPhase;
			buildActionMask = 2147483647;
			files = (
				7B9CE5EC248C028400769897 /* Assets.xcassets in Resources */,
				7B9CE5EF248C028400769897 /* Main.storyboard in Resources */,
			);
			runOnlyForDeploymentPostprocessing = 0;
		};
		7B9CE5F4248C028400769897 /* Resources */ = {
			isa = PBXResourcesBuildPhase;
			buildActionMask = 2147483647;
			files = (
			);
			runOnlyForDeploymentPostprocessing = 0;
		};
		7B9CE5FF248C028400769897 /* Resources */ = {
			isa = PBXResourcesBuildPhase;
			buildActionMask = 2147483647;
			files = (
			);
			runOnlyForDeploymentPostprocessing = 0;
		};
/* End PBXResourcesBuildPhase section */

/* Begin PBXSourcesBuildPhase section */
		7B9CE5E0248C028300769897 /* Sources */ = {
			isa = PBXSourcesBuildPhase;
			buildActionMask = 2147483647;
			files = (
				7B9CE5EA248C028300769897 /* ViewController.swift in Sources */,
				7B9CE5E8248C028300769897 /* AppDelegate.swift in Sources */,
			);
			runOnlyForDeploymentPostprocessing = 0;
		};
		7B9CE5F2248C028400769897 /* Sources */ = {
			isa = PBXSourcesBuildPhase;
			buildActionMask = 2147483647;
			files = (
				7B9CE5FB248C028400769897 /* MacOSApplicationTests.swift in Sources */,
			);
			runOnlyForDeploymentPostprocessing = 0;
		};
		7B9CE5FD248C028400769897 /* Sources */ = {
			isa = PBXSourcesBuildPhase;
			buildActionMask = 2147483647;
			files = (
				7B9CE606248C028400769897 /* MacOSApplicationUITests.swift in Sources */,
			);
			runOnlyForDeploymentPostprocessing = 0;
		};
/* End PBXSourcesBuildPhase section */

/* Begin PBXTargetDependency section */
		7B9CE5F8248C028400769897 /* PBXTargetDependency */ = {
			isa = PBXTargetDependency;
			target = 7B9CE5E3248C028300769897 /* MacOSApplication */;
			targetProxy = 7B9CE5F7248C028400769897 /* PBXContainerItemProxy */;
		};
		7B9CE603248C028400769897 /* PBXTargetDependency */ = {
			isa = PBXTargetDependency;
			target = 7B9CE5E3248C028300769897 /* MacOSApplication */;
			targetProxy = 7B9CE602248C028400769897 /* PBXContainerItemProxy */;
		};
/* End PBXTargetDependency section */

/* Begin PBXVariantGroup section */
		7B9CE5ED248C028400769897 /* Main.storyboard */ = {
			isa = PBXVariantGroup;
			children = (
				7B9CE5EE248C028400769897 /* Base */,
			);
			name = Main.storyboard;
			sourceTree = "<group>";
		};
/* End PBXVariantGroup section */

/* Begin XCBuildConfiguration section */
		7B9CE608248C028400769897 /* Debug */ = {
			isa = XCBuildConfiguration;
			buildSettings = {
				ALWAYS_SEARCH_USER_PATHS = NO;
				CLANG_ANALYZER_NONNULL = YES;
				CLANG_ANALYZER_NUMBER_OBJECT_CONVERSION = YES_AGGRESSIVE;
				CLANG_CXX_LANGUAGE_STANDARD = "gnu++14";
				CLANG_CXX_LIBRARY = "libc++";
				CLANG_ENABLE_MODULES = YES;
				CLANG_ENABLE_OBJC_ARC = YES;
				CLANG_ENABLE_OBJC_WEAK = YES;
				CLANG_WARN_BLOCK_CAPTURE_AUTORELEASING = YES;
				CLANG_WARN_BOOL_CONVERSION = YES;
				CLANG_WARN_COMMA = YES;
				CLANG_WARN_CONSTANT_CONVERSION = YES;
				CLANG_WARN_DEPRECATED_OBJC_IMPLEMENTATIONS = YES;
				CLANG_WARN_DIRECT_OBJC_ISA_USAGE = YES_ERROR;
				CLANG_WARN_DOCUMENTATION_COMMENTS = YES;
				CLANG_WARN_EMPTY_BODY = YES;
				CLANG_WARN_ENUM_CONVERSION = YES;
				CLANG_WARN_INFINITE_RECURSION = YES;
				CLANG_WARN_INT_CONVERSION = YES;
				CLANG_WARN_NON_LITERAL_NULL_CONVERSION = YES;
				CLANG_WARN_OBJC_IMPLICIT_RETAIN_SELF = YES;
				CLANG_WARN_OBJC_LITERAL_CONVERSION = YES;
				CLANG_WARN_OBJC_ROOT_CLASS = YES_ERROR;
				CLANG_WARN_RANGE_LOOP_ANALYSIS = YES;
				CLANG_WARN_STRICT_PROTOTYPES = YES;
				CLANG_WARN_SUSPICIOUS_MOVE = YES;
				CLANG_WARN_UNGUARDED_AVAILABILITY = YES_AGGRESSIVE;
				CLANG_WARN_UNREACHABLE_CODE = YES;
				CLANG_WARN__DUPLICATE_METHOD_MATCH = YES;
				COPY_PHASE_STRIP = NO;
				DEBUG_INFORMATION_FORMAT = dwarf;
				ENABLE_STRICT_OBJC_MSGSEND = YES;
				ENABLE_TESTABILITY = YES;
				GCC_C_LANGUAGE_STANDARD = gnu11;
				GCC_DYNAMIC_NO_PIC = NO;
				GCC_NO_COMMON_BLOCKS = YES;
				GCC_OPTIMIZATION_LEVEL = 0;
				GCC_PREPROCESSOR_DEFINITIONS = (
					"DEBUG=1",
					"$(inherited)",
				);
				GCC_WARN_64_TO_32_BIT_CONVERSION = YES;
				GCC_WARN_ABOUT_RETURN_TYPE = YES_ERROR;
				GCC_WARN_UNDECLARED_SELECTOR = YES;
				GCC_WARN_UNINITIALIZED_AUTOS = YES_AGGRESSIVE;
				GCC_WARN_UNUSED_FUNCTION = YES;
				GCC_WARN_UNUSED_VARIABLE = YES;
				MACOSX_DEPLOYMENT_TARGET = 10.14;
				MTL_ENABLE_DEBUG_INFO = INCLUDE_SOURCE;
				MTL_FAST_MATH = YES;
				ONLY_ACTIVE_ARCH = YES;
				SDKROOT = macosx;
				SWIFT_ACTIVE_COMPILATION_CONDITIONS = DEBUG;
				SWIFT_OPTIMIZATION_LEVEL = "-Onone";
			};
			name = Debug;
		};
		7B9CE609248C028400769897 /* Release */ = {
			isa = XCBuildConfiguration;
			buildSettings = {
				ALWAYS_SEARCH_USER_PATHS = NO;
				CLANG_ANALYZER_NONNULL = YES;
				CLANG_ANALYZER_NUMBER_OBJECT_CONVERSION = YES_AGGRESSIVE;
				CLANG_CXX_LANGUAGE_STANDARD = "gnu++14";
				CLANG_CXX_LIBRARY = "libc++";
				CLANG_ENABLE_MODULES = YES;
				CLANG_ENABLE_OBJC_ARC = YES;
				CLANG_ENABLE_OBJC_WEAK = YES;
				CLANG_WARN_BLOCK_CAPTURE_AUTORELEASING = YES;
				CLANG_WARN_BOOL_CONVERSION = YES;
				CLANG_WARN_COMMA = YES;
				CLANG_WARN_CONSTANT_CONVERSION = YES;
				CLANG_WARN_DEPRECATED_OBJC_IMPLEMENTATIONS = YES;
				CLANG_WARN_DIRECT_OBJC_ISA_USAGE = YES_ERROR;
				CLANG_WARN_DOCUMENTATION_COMMENTS = YES;
				CLANG_WARN_EMPTY_BODY = YES;
				CLANG_WARN_ENUM_CONVERSION = YES;
				CLANG_WARN_INFINITE_RECURSION = YES;
				CLANG_WARN_INT_CONVERSION = YES;
				CLANG_WARN_NON_LITERAL_NULL_CONVERSION = YES;
				CLANG_WARN_OBJC_IMPLICIT_RETAIN_SELF = YES;
				CLANG_WARN_OBJC_LITERAL_CONVERSION = YES;
				CLANG_WARN_OBJC_ROOT_CLASS = YES_ERROR;
				CLANG_WARN_RANGE_LOOP_ANALYSIS = YES;
				CLANG_WARN_STRICT_PROTOTYPES = YES;
				CLANG_WARN_SUSPICIOUS_MOVE = YES;
				CLANG_WARN_UNGUARDED_AVAILABILITY = YES_AGGRESSIVE;
				CLANG_WARN_UNREACHABLE_CODE = YES;
				CLANG_WARN__DUPLICATE_METHOD_MATCH = YES;
				COPY_PHASE_STRIP = NO;
				DEBUG_INFORMATION_FORMAT = "dwarf-with-dsym";
				ENABLE_NS_ASSERTIONS = NO;
				ENABLE_STRICT_OBJC_MSGSEND = YES;
				GCC_C_LANGUAGE_STANDARD = gnu11;
				GCC_NO_COMMON_BLOCKS = YES;
				GCC_WARN_64_TO_32_BIT_CONVERSION = YES;
				GCC_WARN_ABOUT_RETURN_TYPE = YES_ERROR;
				GCC_WARN_UNDECLARED_SELECTOR = YES;
				GCC_WARN_UNINITIALIZED_AUTOS = YES_AGGRESSIVE;
				GCC_WARN_UNUSED_FUNCTION = YES;
				GCC_WARN_UNUSED_VARIABLE = YES;
				MACOSX_DEPLOYMENT_TARGET = 10.14;
				MTL_ENABLE_DEBUG_INFO = NO;
				MTL_FAST_MATH = YES;
				SDKROOT = macosx;
				SWIFT_COMPILATION_MODE = wholemodule;
				SWIFT_OPTIMIZATION_LEVEL = "-O";
			};
			name = Release;
		};
		7B9CE60B248C028400769897 /* Debug */ = {
			isa = XCBuildConfiguration;
			buildSettings = {
				ASSETCATALOG_COMPILER_APPICON_NAME = AppIcon;
				CODE_SIGN_ENTITLEMENTS = MacOSApplication/MacOSApplication.entitlements;
				CODE_SIGN_STYLE = Automatic;
				COMBINE_HIDPI_IMAGES = YES;
				INFOPLIST_FILE = MacOSApplication/Info.plist;
				LD_RUNPATH_SEARCH_PATHS = (
					"$(inherited)",
					"@executable_path/../Frameworks",
				);
				PRODUCT_BUNDLE_IDENTIFIER = com.ratnadeep.MacOSApplication;
				PRODUCT_NAME = "$(TARGET_NAME)";
				SWIFT_VERSION = 5.0;
			};
			name = Debug;
		};
		7B9CE60C248C028400769897 /* Release */ = {
			isa = XCBuildConfiguration;
			buildSettings = {
				ASSETCATALOG_COMPILER_APPICON_NAME = AppIcon;
				CODE_SIGN_ENTITLEMENTS = MacOSApplication/MacOSApplication.entitlements;
				CODE_SIGN_STYLE = Automatic;
				COMBINE_HIDPI_IMAGES = YES;
				INFOPLIST_FILE = MacOSApplication/Info.plist;
				LD_RUNPATH_SEARCH_PATHS = (
					"$(inherited)",
					"@executable_path/../Frameworks",
				);
				PRODUCT_BUNDLE_IDENTIFIER = com.ratnadeep.MacOSApplication;
				PRODUCT_NAME = "$(TARGET_NAME)";
				SWIFT_VERSION = 5.0;
			};
			name = Release;
		};
		7B9CE60E248C028400769897 /* Debug */ = {
			isa = XCBuildConfiguration;
			buildSettings = {
				ALWAYS_EMBED_SWIFT_STANDARD_LIBRARIES = YES;
				BUNDLE_LOADER = "$(TEST_HOST)";
				CODE_SIGN_STYLE = Automatic;
				COMBINE_HIDPI_IMAGES = YES;
				INFOPLIST_FILE = MacOSApplicationTests/Info.plist;
				LD_RUNPATH_SEARCH_PATHS = (
					"$(inherited)",
					"@executable_path/../Frameworks",
					"@loader_path/../Frameworks",
				);
				MACOSX_DEPLOYMENT_TARGET = 10.14;
				PRODUCT_BUNDLE_IDENTIFIER = com.ratnadeep.MacOSApplicationTests;
				PRODUCT_NAME = "$(TARGET_NAME)";
				SWIFT_VERSION = 5.0;
				TEST_HOST = "$(BUILT_PRODUCTS_DIR)/MacOSApplication.app/Contents/MacOS/MacOSApplication";
			};
			name = Debug;
		};
		7B9CE60F248C028400769897 /* Release */ = {
			isa = XCBuildConfiguration;
			buildSettings = {
				ALWAYS_EMBED_SWIFT_STANDARD_LIBRARIES = YES;
				BUNDLE_LOADER = "$(TEST_HOST)";
				CODE_SIGN_STYLE = Automatic;
				COMBINE_HIDPI_IMAGES = YES;
				INFOPLIST_FILE = MacOSApplicationTests/Info.plist;
				LD_RUNPATH_SEARCH_PATHS = (
					"$(inherited)",
					"@executable_path/../Frameworks",
					"@loader_path/../Frameworks",
				);
				MACOSX_DEPLOYMENT_TARGET = 10.14;
				PRODUCT_BUNDLE_IDENTIFIER = com.ratnadeep.MacOSApplicationTests;
				PRODUCT_NAME = "$(TARGET_NAME)";
				SWIFT_VERSION = 5.0;
				TEST_HOST = "$(BUILT_PRODUCTS_DIR)/MacOSApplication.app/Contents/MacOS/MacOSApplication";
			};
			name = Release;
		};
		7B9CE611248C028400769897 /* Debug */ = {
			isa = XCBuildConfiguration;
			buildSettings = {
				ALWAYS_EMBED_SWIFT_STANDARD_LIBRARIES = YES;
				CODE_SIGN_STYLE = Automatic;
				COMBINE_HIDPI_IMAGES = YES;
				INFOPLIST_FILE = MacOSApplicationUITests/Info.plist;
				LD_RUNPATH_SEARCH_PATHS = (
					"$(inherited)",
					"@executable_path/../Frameworks",
					"@loader_path/../Frameworks",
				);
				PRODUCT_BUNDLE_IDENTIFIER = com.ratnadeep.MacOSApplicationUITests;
				PRODUCT_NAME = "$(TARGET_NAME)";
				SWIFT_VERSION = 5.0;
				TEST_TARGET_NAME = MacOSApplication;
			};
			name = Debug;
		};
		7B9CE612248C028400769897 /* Release */ = {
			isa = XCBuildConfiguration;
			buildSettings = {
				ALWAYS_EMBED_SWIFT_STANDARD_LIBRARIES = YES;
				CODE_SIGN_STYLE = Automatic;
				COMBINE_HIDPI_IMAGES = YES;
				INFOPLIST_FILE = MacOSApplicationUITests/Info.plist;
				LD_RUNPATH_SEARCH_PATHS = (
					"$(inherited)",
					"@executable_path/../Frameworks",
					"@loader_path/../Frameworks",
				);
				PRODUCT_BUNDLE_IDENTIFIER = com.ratnadeep.MacOSApplicationUITests;
				PRODUCT_NAME = "$(TARGET_NAME)";
				SWIFT_VERSION = 5.0;
				TEST_TARGET_NAME = MacOSApplication;
			};
			name = Release;
		};
/* End XCBuildConfiguration section */

/* Begin XCConfigurationList section */
		7B9CE5DF248C028300769897 /* Build configuration list for PBXProject "MacOSApplication" */ = {
			isa = XCConfigurationList;
			buildConfigurations = (
				7B9CE608248C028400769897 /* Debug */,
				7B9CE609248C028400769897 /* Release */,
			);
			defaultConfigurationIsVisible = 0;
			defaultConfigurationName = Release;
		};
		7B9CE60A248C028400769897 /* Build configuration list for PBXNativeTarget "MacOSApplication" */ = {
			isa = XCConfigurationList;
			buildConfigurations = (
				7B9CE60B248C028400769897 /* Debug */,
				7B9CE60C248C028400769897 /* Release */,
			);
			defaultConfigurationIsVisible = 0;
			defaultConfigurationName = Release;
		};
		7B9CE60D248C028400769897 /* Build configuration list for PBXNativeTarget "MacOSApplicationTests" */ = {
			isa = XCConfigurationList;
			buildConfigurations = (
				7B9CE60E248C028400769897 /* Debug */,
				7B9CE60F248C028400769897 /* Release */,
			);
			defaultConfigurationIsVisible = 0;
			defaultConfigurationName = Release;
		};
		7B9CE610248C028400769897 /* Build configuration list for PBXNativeTarget "MacOSApplicationUITests" */ = {
			isa = XCConfigurationList;
			buildConfigurations = (
				7B9CE611248C028400769897 /* Debug */,
				7B9CE612248C028400769897 /* Release */,
			);
			defaultConfigurationIsVisible = 0;
			defaultConfigurationName = Release;
		};
/* End XCConfigurationList section */
	};
	rootObject = 7B9CE5DC248C028300769897 /* Project object */;
}
